
Microsoft Visual Studio Solution File, Format Version 12.00
# Visual Studio Version 16
VisualStudioVersion = 16.0.30204.135
MinimumVisualStudioVersion = 10.0.40219.1
Project("{888888A0-9F3D-457C-B088-3A5042F75D52}") = "start", "start\start.pyproj", "{7C2A55EA-26BE-42AD-A631-9640B1A17EF5}"
EndProject
Global
	GlobalSection(SolutionConfigurationPlatforms) = preSolution
		Debug|Any CPU = Debug|Any CPU
		Release|Any CPU = Release|Any CPU
	EndGlobalSection
	GlobalSection(ProjectConfigurationPlatforms) = postSolution
		{7C2A55EA-26BE-42AD-A631-9640B1A17EF5}.Debug|Any CPU.ActiveCfg = Debug|Any CPU
		{7C2A55EA-26BE-42AD-A631-9640B1A17EF5}.Release|Any CPU.ActiveCfg = Release|Any CPU
	EndGlobalSection
	GlobalSection(SolutionProperties) = preSolution
		HideSolutionNode = FALSE
	EndGlobalSection
	GlobalSection(ExtensibilityGlobals) = postSolution
		SolutionGuid = {5713FA82-6BE7-4472-AFD6-66E22C2CB463}
	EndGlobalSection
EndGlobal
